
Microsoft Visual Studio Solution File, Format Version 12.00
# Visual Studio Version 16
VisualStudioVersion = 16.0.30104.148
MinimumVisualStudioVersion = 10.0.40219.1
Project("{8BC9CEB8-8B4A-11D0-8D11-00A0C91BC942}") = "Win32Platform", "Win32Platform\Win32Platform.vcxproj", "{FA266C7C-A4C3-4FCD-9BAC-9394E96995EA}"
EndProject
Project("{8BC9CEB8-8B4A-11D0-8D11-00A0C91BC942}") = "Engine", "Engine\Engine.vcxproj", "{70506EAA-03C3-4E2D-81DC-08E4834D9E92}"
EndProject
Global
	GlobalSection(SolutionConfigurationPlatforms) = preSolution
		Debug|x64 = Debug|x64
		Debug|x86 = Debug|x86
		Release|x64 = Release|x64
		Release|x86 = Release|x86
	EndGlobalSection
	GlobalSection(ProjectConfigurationPlatforms) = postSolution
		{FA266C7C-A4C3-4FCD-9BAC-9394E96995EA}.Debug|x64.ActiveCfg = Debug|x64
		{FA266C7C-A4C3-4FCD-9BAC-9394E96995EA}.Debug|x64.Build.0 = Debug|x64
		{FA266C7C-A4C3-4FCD-9BAC-9394E96995EA}.Debug|x86.ActiveCfg = Debug|Win32
		{FA266C7C-A4C3-4FCD-9BAC-9394E96995EA}.Debug|x86.Build.0 = Debug|Win32
		{FA266C7C-A4C3-4FCD-9BAC-9394E96995EA}.Release|x64.ActiveCfg = Release|x64
		{FA266C7C-A4C3-4FCD-9BAC-9394E96995EA}.Release|x64.Build.0 = Release|x64
		{FA266C7C-A4C3-4FCD-9BAC-9394E96995EA}.Release|x86.ActiveCfg = Debug|Win32
		{FA266C7C-A4C3-4FCD-9BAC-9394E96995EA}.Release|x86.Build.0 = Debug|Win32
		{70506EAA-03C3-4E2D-81DC-08E4834D9E92}.Debug|x64.ActiveCfg = Debug|x64
		{70506EAA-03C3-4E2D-81DC-08E4834D9E92}.Debug|x64.Build.0 = Debug|x64
		{70506EAA-03C3-4E2D-81DC-08E4834D9E92}.Debug|x86.ActiveCfg = Debug|Win32
		{70506EAA-03C3-4E2D-81DC-08E4834D9E92}.Debug|x86.Build.0 = Debug|Win32
		{70506EAA-03C3-4E2D-81DC-08E4834D9E92}.Release|x64.ActiveCfg = Release|x64
		{70506EAA-03C3-4E2D-81DC-08E4834D9E92}.Release|x64.Build.0 = Release|x64
		{70506EAA-03C3-4E2D-81DC-08E4834D9E92}.Release|x86.ActiveCfg = Debug|Win32
		{70506EAA-03C3-4E2D-81DC-08E4834D9E92}.Release|x86.Build.0 = Debug|Win32
	EndGlobalSection
	GlobalSection(SolutionProperties) = preSolution
		HideSolutionNode = FALSE
	EndGlobalSection
	GlobalSection(ExtensibilityGlobals) = postSolution
		SolutionGuid = {BDBD31B4-0471-4129-82CE-18866D509E21}
	EndGlobalSection
EndGlobal
